
Microsoft Visual Studio Solution File, Format Version 12.00
# Visual Studio 2012
Project("{FAE04EC0-301F-11D3-BF4B-00C04F79EFBC}") = "ConString", "ConString\ConString.csproj", "{0101C0E3-D335-4673-A069-6DBCF03CA6F1}"
EndProject
Project("{FAE04EC0-301F-11D3-BF4B-00C04F79EFBC}") = "ConString.Test", "ConStringTest\ConString.Test.csproj", "{F55F99F3-1D9C-4A85-A44E-72E61E856942}"
	ProjectSection(ProjectDependencies) = postProject
		{0101C0E3-D335-4673-A069-6DBCF03CA6F1} = {0101C0E3-D335-4673-A069-6DBCF03CA6F1}
	EndProjectSection
EndProject
Project("{FAE04EC0-301F-11D3-BF4B-00C04F79EFBC}") = "ConString.Console", "ConString.Console\ConString.Console.csproj", "{F4ADB26A-6117-4B65-8735-470336A788D7}"
	ProjectSection(ProjectDependencies) = postProject
		{0101C0E3-D335-4673-A069-6DBCF03CA6F1} = {0101C0E3-D335-4673-A069-6DBCF03CA6F1}
	EndProjectSection
EndProject
Global
	GlobalSection(SolutionConfigurationPlatforms) = preSolution
		Debug|Any CPU = Debug|Any CPU
		Release|Any CPU = Release|Any CPU
	EndGlobalSection
	GlobalSection(ProjectConfigurationPlatforms) = postSolution
		{0101C0E3-D335-4673-A069-6DBCF03CA6F1}.Debug|Any CPU.ActiveCfg = Debug|Any CPU
		{0101C0E3-D335-4673-A069-6DBCF03CA6F1}.Debug|Any CPU.Build.0 = Debug|Any CPU
		{0101C0E3-D335-4673-A069-6DBCF03CA6F1}.Release|Any CPU.ActiveCfg = Release|Any CPU
		{0101C0E3-D335-4673-A069-6DBCF03CA6F1}.Release|Any CPU.Build.0 = Release|Any CPU
		{F55F99F3-1D9C-4A85-A44E-72E61E856942}.Debug|Any CPU.ActiveCfg = Debug|Any CPU
		{F55F99F3-1D9C-4A85-A44E-72E61E856942}.Debug|Any CPU.Build.0 = Debug|Any CPU
		{F55F99F3-1D9C-4A85-A44E-72E61E856942}.Release|Any CPU.ActiveCfg = Release|Any CPU
		{F55F99F3-1D9C-4A85-A44E-72E61E856942}.Release|Any CPU.Build.0 = Release|Any CPU
		{F4ADB26A-6117-4B65-8735-470336A788D7}.Debug|Any CPU.ActiveCfg = Debug|Any CPU
		{F4ADB26A-6117-4B65-8735-470336A788D7}.Debug|Any CPU.Build.0 = Debug|Any CPU
		{F4ADB26A-6117-4B65-8735-470336A788D7}.Release|Any CPU.ActiveCfg = Release|Any CPU
		{F4ADB26A-6117-4B65-8735-470336A788D7}.Release|Any CPU.Build.0 = Release|Any CPU
	EndGlobalSection
	GlobalSection(SolutionProperties) = preSolution
		HideSolutionNode = FALSE
	EndGlobalSection
EndGlobal
